# This file is automatically @generated by Cargo.
# It is not intended for manual editing.
version = 4

[[package]]
name = "compiler"
version = "0.1.0"
dependencies = [
 "lexer",
 "parser",
 "qbe",
]

[[package]]
name = "lexer"
version = "0.1.0"

[[package]]
name = "parser"
version = "0.1.0"
dependencies = [
 "lexer",
]

[[package]]
name = "qbe"
version = "2.5.1"
source = "registry+https://github.com/rust-lang/crates.io-index"
checksum = "60adc4f72627fde7472716ecdffeaf9378bd88da3d51e28de40f0aa64615f5f0"

[[package]]
name = "repl"
version = "0.1.0"
dependencies = [
 "compiler",
 "lexer",
 "parser",
 "qbe",
]
